
Microsoft Visual Studio Solution File, Format Version 12.00
# Visual Studio 15
VisualStudioVersion = 15.0.28010.2050
MinimumVisualStudioVersion = 10.0.40219.1
Project("{FAE04EC0-301F-11D3-BF4B-00C04F79EFBC}") = "TestLogin.Android", "TestLogin\TestLogin.Android\TestLogin.Android.csproj", "{86B67597-F109-4881-B6A7-E29D447FBF73}"
EndProject
Project("{FAE04EC0-301F-11D3-BF4B-00C04F79EFBC}") = "TestLogin.iOS", "TestLogin\TestLogin.iOS\TestLogin.iOS.csproj", "{06E58FFA-1A5B-416F-8381-6477B94B329C}"
EndProject
Project("{FAE04EC0-301F-11D3-BF4B-00C04F79EFBC}") = "TestLogin.UWP", "TestLogin\TestLogin.UWP\TestLogin.UWP.csproj", "{F9893BDC-1CCB-40FB-9B1D-25F22A5A1C63}"
EndProject
Project("{D954291E-2A0B-460D-934E-DC6B0785DB48}") = "TestLogin", "TestLogin\TestLogin\TestLogin.shproj", "{BCB00E6D-3504-472E-B693-284D2A246AF2}"
EndProject
Global
	GlobalSection(SharedMSBuildProjectFiles) = preSolution
		TestLogin\TestLogin\TestLogin.projitems*{06e58ffa-1a5b-416f-8381-6477b94b329c}*SharedItemsImports = 4
		TestLogin\TestLogin\TestLogin.projitems*{86b67597-f109-4881-b6a7-e29d447fbf73}*SharedItemsImports = 4
		TestLogin\TestLogin\TestLogin.projitems*{bcb00e6d-3504-472e-b693-284d2a246af2}*SharedItemsImports = 13
		TestLogin\TestLogin\TestLogin.projitems*{f9893bdc-1ccb-40fb-9b1d-25f22a5a1c63}*SharedItemsImports = 4
	EndGlobalSection
	GlobalSection(SolutionConfigurationPlatforms) = preSolution
		Ad-Hoc|Any CPU = Ad-Hoc|Any CPU
		Ad-Hoc|ARM = Ad-Hoc|ARM
		Ad-Hoc|iPhone = Ad-Hoc|iPhone
		Ad-Hoc|iPhoneSimulator = Ad-Hoc|iPhoneSimulator
		Ad-Hoc|x64 = Ad-Hoc|x64
		Ad-Hoc|x86 = Ad-Hoc|x86
		AppStore|Any CPU = AppStore|Any CPU
		AppStore|ARM = AppStore|ARM
		AppStore|iPhone = AppStore|iPhone
		AppStore|iPhoneSimulator = AppStore|iPhoneSimulator
		AppStore|x64 = AppStore|x64
		AppStore|x86 = AppStore|x86
		Debug|Any CPU = Debug|Any CPU
		Debug|ARM = Debug|ARM
		Debug|iPhone = Debug|iPhone
		Debug|iPhoneSimulator = Debug|iPhoneSimulator
		Debug|x64 = Debug|x64
		Debug|x86 = Debug|x86
		Release|Any CPU = Release|Any CPU
		Release|ARM = Release|ARM
		Release|iPhone = Release|iPhone
		Release|iPhoneSimulator = Release|iPhoneSimulator
		Release|x64 = Release|x64
		Release|x86 = Release|x86
	EndGlobalSection
	GlobalSection(ProjectConfigurationPlatforms) = postSolution
		{86B67597-F109-4881-B6A7-E29D447FBF73}.Ad-Hoc|Any CPU.ActiveCfg = Release|Any CPU
		{86B67597-F109-4881-B6A7-E29D447FBF73}.Ad-Hoc|Any CPU.Build.0 = Release|Any CPU
		{86B67597-F109-4881-B6A7-E29D447FBF73}.Ad-Hoc|Any CPU.Deploy.0 = Release|Any CPU
		{86B67597-F109-4881-B6A7-E29D447FBF73}.Ad-Hoc|ARM.ActiveCfg = Release|Any CPU
		{86B67597-F109-4881-B6A7-E29D447FBF73}.Ad-Hoc|ARM.Build.0 = Release|Any CPU
		{86B67597-F109-4881-B6A7-E29D447FBF73}.Ad-Hoc|ARM.Deploy.0 = Release|Any CPU
		{86B67597-F109-4881-B6A7-E29D447FBF73}.Ad-Hoc|iPhone.ActiveCfg = Release|Any CPU
		{86B67597-F109-4881-B6A7-E29D447FBF73}.Ad-Hoc|iPhone.Build.0 = Release|Any CPU
		{86B67597-F109-4881-B6A7-E29D447FBF73}.Ad-Hoc|iPhone.Deploy.0 = Release|Any CPU
		{86B67597-F109-4881-B6A7-E29D447FBF73}.Ad-Hoc|iPhoneSimulator.ActiveCfg = Release|Any CPU
		{86B67597-F109-4881-B6A7-E29D447FBF73}.Ad-Hoc|iPhoneSimulator.Build.0 = Release|Any CPU
		{86B67597-F109-4881-B6A7-E29D447FBF73}.Ad-Hoc|iPhoneSimulator.Deploy.0 = Release|Any CPU
		{86B67597-F109-4881-B6A7-E29D447FBF73}.Ad-Hoc|x64.ActiveCfg = Release|Any CPU
		{86B67597-F109-4881-B6A7-E29D447FBF73}.Ad-Hoc|x64.Build.0 = Release|Any CPU
		{86B67597-F109-4881-B6A7-E29D447FBF73}.Ad-Hoc|x64.Deploy.0 = Release|Any CPU
		{86B67597-F109-4881-B6A7-E29D447FBF73}.Ad-Hoc|x86.ActiveCfg = Release|Any CPU
		{86B67597-F109-4881-B6A7-E29D447FBF73}.Ad-Hoc|x86.Build.0 = Release|Any CPU
		{86B67597-F109-4881-B6A7-E29D447FBF73}.Ad-Hoc|x86.Deploy.0 = Release|Any CPU
		{86B67597-F109-4881-B6A7-E29D447FBF73}.AppStore|Any CPU.ActiveCfg = Release|Any CPU
		{86B67597-F109-4881-B6A7-E29D447FBF73}.AppStore|Any CPU.Build.0 = Release|Any CPU
		{86B67597-F109-4881-B6A7-E29D447FBF73}.AppStore|Any CPU.Deploy.0 = Release|Any CPU
		{86B67597-F109-4881-B6A7-E29D447FBF73}.AppStore|ARM.ActiveCfg = Release|Any CPU
		{86B67597-F109-4881-B6A7-E29D447FBF73}.AppStore|ARM.Build.0 = Release|Any CPU
		{86B67597-F109-4881-B6A7-E29D447FBF73}.AppStore|ARM.Deploy.0 = Release|Any CPU
		{86B67597-F109-4881-B6A7-E29D447FBF73}.AppStore|iPhone.ActiveCfg = Release|Any CPU
		{86B67597-F109-4881-B6A7-E29D447FBF73}.AppStore|iPhone.Build.0 = Release|Any CPU
		{86B67597-F109-4881-B6A7-E29D447FBF73}.AppStore|iPhone.Deploy.0 = Release|Any CPU
		{86B67597-F109-4881-B6A7-E29D447FBF73}.AppStore|iPhoneSimulator.ActiveCfg = Release|Any CPU
		{86B67597-F109-4881-B6A7-E29D447FBF73}.AppStore|iPhoneSimulator.Build.0 = Release|Any CPU
		{86B67597-F109-4881-B6A7-E29D447FBF73}.AppStore|iPhoneSimulator.Deploy.0 = Release|Any CPU
		{86B67597-F109-4881-B6A7-E29D447FBF73}.AppStore|x64.ActiveCfg = Release|Any CPU
		{86B67597-F109-4881-B6A7-E29D447FBF73}.AppStore|x64.Build.0 = Release|Any CPU
		{86B67597-F109-4881-B6A7-E29D447FBF73}.AppStore|x64.Deploy.0 = Release|Any CPU
		{86B67597-F109-4881-B6A7-E29D447FBF73}.AppStore|x86.ActiveCfg = Release|Any CPU
		{86B67597-F109-4881-B6A7-E29D447FBF73}.AppStore|x86.Build.0 = Release|Any CPU
		{86B67597-F109-4881-B6A7-E29D447FBF73}.AppStore|x86.Deploy.0 = Release|Any CPU
		{86B67597-F109-4881-B6A7-E29D447FBF73}.Debug|Any CPU.ActiveCfg = Debug|Any CPU
		{86B67597-F109-4881-B6A7-E29D447FBF73}.Debug|Any CPU.Build.0 = Debug|Any CPU
		{86B67597-F109-4881-B6A7-E29D447FBF73}.Debug|Any CPU.Deploy.0 = Debug|Any CPU
		{86B67597-F109-4881-B6A7-E29D447FBF73}.Debug|ARM.ActiveCfg = Debug|Any CPU
		{86B67597-F109-4881-B6A7-E29D447FBF73}.Debug|ARM.Build.0 = Debug|Any CPU
		{86B67597-F109-4881-B6A7-E29D447FBF73}.Debug|ARM.Deploy.0 = Debug|Any CPU
		{86B67597-F109-4881-B6A7-E29D447FBF73}.Debug|iPhone.ActiveCfg = Debug|Any CPU
		{86B67597-F109-4881-B6A7-E29D447FBF73}.Debug|iPhone.Build.0 = Debug|Any CPU
		{86B67597-F109-4881-B6A7-E29D447FBF73}.Debug|iPhone.Deploy.0 = Debug|Any CPU
		{86B67597-F109-4881-B6A7-E29D447FBF73}.Debug|iPhoneSimulator.ActiveCfg = Debug|Any CPU
		{86B67597-F109-4881-B6A7-E29D447FBF73}.Debug|iPhoneSimulator.Build.0 = Debug|Any CPU
		{86B67597-F109-4881-B6A7-E29D447FBF73}.Debug|iPhoneSimulator.Deploy.0 = Debug|Any CPU
		{86B67597-F109-4881-B6A7-E29D447FBF73}.Debug|x64.ActiveCfg = Debug|Any CPU
		{86B67597-F109-4881-B6A7-E29D447FBF73}.Debug|x64.Build.0 = Debug|Any CPU
		{86B67597-F109-4881-B6A7-E29D447FBF73}.Debug|x64.Deploy.0 = Debug|Any CPU
		{86B67597-F109-4881-B6A7-E29D447FBF73}.Debug|x86.ActiveCfg = Debug|Any CPU
		{86B67597-F109-4881-B6A7-E29D447FBF73}.Debug|x86.Build.0 = Debug|Any CPU
		{86B67597-F109-4881-B6A7-E29D447FBF73}.Debug|x86.Deploy.0 = Debug|Any CPU
		{86B67597-F109-4881-B6A7-E29D447FBF73}.Release|Any CPU.ActiveCfg = Release|Any CPU
		{86B67597-F109-4881-B6A7-E29D447FBF73}.Release|Any CPU.Build.0 = Release|Any CPU
		{86B67597-F109-4881-B6A7-E29D447FBF73}.Release|Any CPU.Deploy.0 = Release|Any CPU
		{86B67597-F109-4881-B6A7-E29D447FBF73}.Release|ARM.ActiveCfg = Release|Any CPU
		{86B67597-F109-4881-B6A7-E29D447FBF73}.Release|ARM.Build.0 = Release|Any CPU
		{86B67597-F109-4881-B6A7-E29D447FBF73}.Release|ARM.Deploy.0 = Release|Any CPU
		{86B67597-F109-4881-B6A7-E29D447FBF73}.Release|iPhone.ActiveCfg = Release|Any CPU
		{86B67597-F109-4881-B6A7-E29D447FBF73}.Release|iPhone.Build.0 = Release|Any CPU
		{86B67597-F109-4881-B6A7-E29D447FBF73}.Release|iPhone.Deploy.0 = Release|Any CPU
		{86B67597-F109-4881-B6A7-E29D447FBF73}.Release|iPhoneSimulator.ActiveCfg = Release|Any CPU
		{86B67597-F109-4881-B6A7-E29D447FBF73}.Release|iPhoneSimulator.Build.0 = Release|Any CPU
		{86B67597-F109-4881-B6A7-E29D447FBF73}.Release|iPhoneSimulator.Deploy.0 = Release|Any CPU
		{86B67597-F109-4881-B6A7-E29D447FBF73}.Release|x64.ActiveCfg = Release|Any CPU
		{86B67597-F109-4881-B6A7-E29D447FBF73}.Release|x64.Build.0 = Release|Any CPU
		{86B67597-F109-4881-B6A7-E29D447FBF73}.Release|x64.Deploy.0 = Release|Any CPU
		{86B67597-F109-4881-B6A7-E29D447FBF73}.Release|x86.ActiveCfg = Release|Any CPU
		{86B67597-F109-4881-B6A7-E29D447FBF73}.Release|x86.Build.0 = Release|Any CPU
		{86B67597-F109-4881-B6A7-E29D447FBF73}.Release|x86.Deploy.0 = Release|Any CPU
		{06E58FFA-1A5B-416F-8381-6477B94B329C}.Ad-Hoc|Any CPU.ActiveCfg = Ad-Hoc|iPhone
		{06E58FFA-1A5B-416F-8381-6477B94B329C}.Ad-Hoc|Any CPU.Build.0 = Ad-Hoc|iPhone
		{06E58FFA-1A5B-416F-8381-6477B94B329C}.Ad-Hoc|Any CPU.Deploy.0 = Ad-Hoc|iPhone
		{06E58FFA-1A5B-416F-8381-6477B94B329C}.Ad-Hoc|ARM.ActiveCfg = Ad-Hoc|iPhone
		{06E58FFA-1A5B-416F-8381-6477B94B329C}.Ad-Hoc|ARM.Build.0 = Ad-Hoc|iPhone
		{06E58FFA-1A5B-416F-8381-6477B94B329C}.Ad-Hoc|ARM.Deploy.0 = Ad-Hoc|iPhone
		{06E58FFA-1A5B-416F-8381-6477B94B329C}.Ad-Hoc|iPhone.ActiveCfg = Ad-Hoc|iPhone
		{06E58FFA-1A5B-416F-8381-6477B94B329C}.Ad-Hoc|iPhone.Build.0 = Ad-Hoc|iPhone
		{06E58FFA-1A5B-416F-8381-6477B94B329C}.Ad-Hoc|iPhone.Deploy.0 = Ad-Hoc|iPhone
		{06E58FFA-1A5B-416F-8381-6477B94B329C}.Ad-Hoc|iPhoneSimulator.ActiveCfg = Ad-Hoc|iPhoneSimulator
		{06E58FFA-1A5B-416F-8381-6477B94B329C}.Ad-Hoc|iPhoneSimulator.Build.0 = Ad-Hoc|iPhoneSimulator
		{06E58FFA-1A5B-416F-8381-6477B94B329C}.Ad-Hoc|iPhoneSimulator.Deploy.0 = Ad-Hoc|iPhoneSimulator
		{06E58FFA-1A5B-416F-8381-6477B94B329C}.Ad-Hoc|x64.ActiveCfg = Ad-Hoc|iPhone
		{06E58FFA-1A5B-416F-8381-6477B94B329C}.Ad-Hoc|x64.Build.0 = Ad-Hoc|iPhone
		{06E58FFA-1A5B-416F-8381-6477B94B329C}.Ad-Hoc|x64.Deploy.0 = Ad-Hoc|iPhone
		{06E58FFA-1A5B-416F-8381-6477B94B329C}.Ad-Hoc|x86.ActiveCfg = Ad-Hoc|iPhone
		{06E58FFA-1A5B-416F-8381-6477B94B329C}.Ad-Hoc|x86.Build.0 = Ad-Hoc|iPhone
		{06E58FFA-1A5B-416F-8381-6477B94B329C}.Ad-Hoc|x86.Deploy.0 = Ad-Hoc|iPhone
		{06E58FFA-1A5B-416F-8381-6477B94B329C}.AppStore|Any CPU.ActiveCfg = AppStore|iPhone
		{06E58FFA-1A5B-416F-8381-6477B94B329C}.AppStore|Any CPU.Build.0 = AppStore|iPhone
		{06E58FFA-1A5B-416F-8381-6477B94B329C}.AppStore|Any CPU.Deploy.0 = AppStore|iPhone
		{06E58FFA-1A5B-416F-8381-6477B94B329C}.AppStore|ARM.ActiveCfg = AppStore|iPhone
		{06E58FFA-1A5B-416F-8381-6477B94B329C}.AppStore|ARM.Build.0 = AppStore|iPhone
		{06E58FFA-1A5B-416F-8381-6477B94B329C}.AppStore|ARM.Deploy.0 = AppStore|iPhone
		{06E58FFA-1A5B-416F-8381-6477B94B329C}.AppStore|iPhone.ActiveCfg = AppStore|iPhone
		{06E58FFA-1A5B-416F-8381-6477B94B329C}.AppStore|iPhone.Build.0 = AppStore|iPhone
		{06E58FFA-1A5B-416F-8381-6477B94B329C}.AppStore|iPhone.Deploy.0 = AppStore|iPhone
		{06E58FFA-1A5B-416F-8381-6477B94B329C}.AppStore|iPhoneSimulator.ActiveCfg = AppStore|iPhoneSimulator
		{06E58FFA-1A5B-416F-8381-6477B94B329C}.AppStore|iPhoneSimulator.Build.0 = AppStore|iPhoneSimulator
		{06E58FFA-1A5B-416F-8381-6477B94B329C}.AppStore|iPhoneSimulator.Deploy.0 = AppStore|iPhoneSimulator
		{06E58FFA-1A5B-416F-8381-6477B94B329C}.AppStore|x64.ActiveCfg = AppStore|iPhone
		{06E58FFA-1A5B-416F-8381-6477B94B329C}.AppStore|x64.Build.0 = AppStore|iPhone
		{06E58FFA-1A5B-416F-8381-6477B94B329C}.AppStore|x64.Deploy.0 = AppStore|iPhone
		{06E58FFA-1A5B-416F-8381-6477B94B329C}.AppStore|x86.ActiveCfg = AppStore|iPhone
		{06E58FFA-1A5B-416F-8381-6477B94B329C}.AppStore|x86.Build.0 = AppStore|iPhone
		{06E58FFA-1A5B-416F-8381-6477B94B329C}.AppStore|x86.Deploy.0 = AppStore|iPhone
		{06E58FFA-1A5B-416F-8381-6477B94B329C}.Debug|Any CPU.ActiveCfg = Debug|iPhoneSimulator
		{06E58FFA-1A5B-416F-8381-6477B94B329C}.Debug|Any CPU.Build.0 = Debug|iPhoneSimulator
		{06E58FFA-1A5B-416F-8381-6477B94B329C}.Debug|Any CPU.Deploy.0 = Debug|iPhoneSimulator
		{06E58FFA-1A5B-416F-8381-6477B94B329C}.Debug|ARM.ActiveCfg = Debug|iPhone
		{06E58FFA-1A5B-416F-8381-6477B94B329C}.Debug|ARM.Build.0 = Debug|iPhone
		{06E58FFA-1A5B-416F-8381-6477B94B329C}.Debug|ARM.Deploy.0 = Debug|iPhone
		{06E58FFA-1A5B-416F-8381-6477B94B329C}.Debug|iPhone.ActiveCfg = Debug|iPhone
		{06E58FFA-1A5B-416F-8381-6477B94B329C}.Debug|iPhone.Build.0 = Debug|iPhone
		{06E58FFA-1A5B-416F-8381-6477B94B329C}.Debug|iPhone.Deploy.0 = Debug|iPhone
		{06E58FFA-1A5B-416F-8381-6477B94B329C}.Debug|iPhoneSimulator.ActiveCfg = Debug|iPhoneSimulator
		{06E58FFA-1A5B-416F-8381-6477B94B329C}.Debug|iPhoneSimulator.Build.0 = Debug|iPhoneSimulator
		{06E58FFA-1A5B-416F-8381-6477B94B329C}.Debug|iPhoneSimulator.Deploy.0 = Debug|iPhoneSimulator
		{06E58FFA-1A5B-416F-8381-6477B94B329C}.Debug|x64.ActiveCfg = Debug|iPhone
		{06E58FFA-1A5B-416F-8381-6477B94B329C}.Debug|x64.Build.0 = Debug|iPhone
		{06E58FFA-1A5B-416F-8381-6477B94B329C}.Debug|x64.Deploy.0 = Debug|iPhone
		{06E58FFA-1A5B-416F-8381-6477B94B329C}.Debug|x86.ActiveCfg = Debug|iPhone
		{06E58FFA-1A5B-416F-8381-6477B94B329C}.Debug|x86.Build.0 = Debug|iPhone
		{06E58FFA-1A5B-416F-8381-6477B94B329C}.Debug|x86.Deploy.0 = Debug|iPhone
		{06E58FFA-1A5B-416F-8381-6477B94B329C}.Release|Any CPU.ActiveCfg = Release|iPhone
		{06E58FFA-1A5B-416F-8381-6477B94B329C}.Release|Any CPU.Build.0 = Release|iPhone
		{06E58FFA-1A5B-416F-8381-6477B94B329C}.Release|Any CPU.Deploy.0 = Release|iPhone
		{06E58FFA-1A5B-416F-8381-6477B94B329C}.Release|ARM.ActiveCfg = Release|iPhone
		{06E58FFA-1A5B-416F-8381-6477B94B329C}.Release|ARM.Build.0 = Release|iPhone
		{06E58FFA-1A5B-416F-8381-6477B94B329C}.Release|ARM.Deploy.0 = Release|iPhone
		{06E58FFA-1A5B-416F-8381-6477B94B329C}.Release|iPhone.ActiveCfg = Release|iPhone
		{06E58FFA-1A5B-416F-8381-6477B94B329C}.Release|iPhone.Build.0 = Release|iPhone
		{06E58FFA-1A5B-416F-8381-6477B94B329C}.Release|iPhone.Deploy.0 = Release|iPhone
		{06E58FFA-1A5B-416F-8381-6477B94B329C}.Release|iPhoneSimulator.ActiveCfg = Release|iPhoneSimulator
		{06E58FFA-1A5B-416F-8381-6477B94B329C}.Release|iPhoneSimulator.Build.0 = Release|iPhoneSimulator
		{06E58FFA-1A5B-416F-8381-6477B94B329C}.Release|iPhoneSimulator.Deploy.0 = Release|iPhoneSimulator
		{06E58FFA-1A5B-416F-8381-6477B94B329C}.Release|x64.ActiveCfg = Release|iPhone
		{06E58FFA-1A5B-416F-8381-6477B94B329C}.Release|x64.Build.0 = Release|iPhone
		{06E58FFA-1A5B-416F-8381-6477B94B329C}.Release|x64.Deploy.0 = Release|iPhone
		{06E58FFA-1A5B-416F-8381-6477B94B329C}.Release|x86.ActiveCfg = Release|iPhone
		{06E58FFA-1A5B-416F-8381-6477B94B329C}.Release|x86.Build.0 = Release|iPhone
		{06E58FFA-1A5B-416F-8381-6477B94B329C}.Release|x86.Deploy.0 = Release|iPhone
		{F9893BDC-1CCB-40FB-9B1D-25F22A5A1C63}.Ad-Hoc|Any CPU.ActiveCfg = Release|x86
		{F9893BDC-1CCB-40FB-9B1D-25F22A5A1C63}.Ad-Hoc|Any CPU.Build.0 = Release|x86
		{F9893BDC-1CCB-40FB-9B1D-25F22A5A1C63}.Ad-Hoc|Any CPU.Deploy.0 = Release|x86
		{F9893BDC-1CCB-40FB-9B1D-25F22A5A1C63}.Ad-Hoc|ARM.ActiveCfg = Release|ARM
		{F9893BDC-1CCB-40FB-9B1D-25F22A5A1C63}.Ad-Hoc|ARM.Build.0 = Release|ARM
		{F9893BDC-1CCB-40FB-9B1D-25F22A5A1C63}.Ad-Hoc|ARM.Deploy.0 = Release|ARM
		{F9893BDC-1CCB-40FB-9B1D-25F22A5A1C63}.Ad-Hoc|iPhone.ActiveCfg = Release|x86
		{F9893BDC-1CCB-40FB-9B1D-25F22A5A1C63}.Ad-Hoc|iPhone.Build.0 = Release|x86
		{F9893BDC-1CCB-40FB-9B1D-25F22A5A1C63}.Ad-Hoc|iPhone.Deploy.0 = Release|x86
		{F9893BDC-1CCB-40FB-9B1D-25F22A5A1C63}.Ad-Hoc|iPhoneSimulator.ActiveCfg = Release|x86
		{F9893BDC-1CCB-40FB-9B1D-25F22A5A1C63}.Ad-Hoc|iPhoneSimulator.Build.0 = Release|x86
		{F9893BDC-1CCB-40FB-9B1D-25F22A5A1C63}.Ad-Hoc|iPhoneSimulator.Deploy.0 = Release|x86
		{F9893BDC-1CCB-40FB-9B1D-25F22A5A1C63}.Ad-Hoc|x64.ActiveCfg = Release|x64
		{F9893BDC-1CCB-40FB-9B1D-25F22A5A1C63}.Ad-Hoc|x64.Build.0 = Release|x64
		{F9893BDC-1CCB-40FB-9B1D-25F22A5A1C63}.Ad-Hoc|x64.Deploy.0 = Release|x64
		{F9893BDC-1CCB-40FB-9B1D-25F22A5A1C63}.Ad-Hoc|x86.ActiveCfg = Release|x86
		{F9893BDC-1CCB-40FB-9B1D-25F22A5A1C63}.Ad-Hoc|x86.Build.0 = Release|x86
		{F9893BDC-1CCB-40FB-9B1D-25F22A5A1C63}.Ad-Hoc|x86.Deploy.0 = Release|x86
		{F9893BDC-1CCB-40FB-9B1D-25F22A5A1C63}.AppStore|Any CPU.ActiveCfg = Release|x86
		{F9893BDC-1CCB-40FB-9B1D-25F22A5A1C63}.AppStore|Any CPU.Build.0 = Release|x86
		{F9893BDC-1CCB-40FB-9B1D-25F22A5A1C63}.AppStore|Any CPU.Deploy.0 = Release|x86
		{F9893BDC-1CCB-40FB-9B1D-25F22A5A1C63}.AppStore|ARM.ActiveCfg = Release|ARM
		{F9893BDC-1CCB-40FB-9B1D-25F22A5A1C63}.AppStore|ARM.Build.0 = Release|ARM
		{F9893BDC-1CCB-40FB-9B1D-25F22A5A1C63}.AppStore|ARM.Deploy.0 = Release|ARM
		{F9893BDC-1CCB-40FB-9B1D-25F22A5A1C63}.AppStore|iPhone.ActiveCfg = Release|x86
		{F9893BDC-1CCB-40FB-9B1D-25F22A5A1C63}.AppStore|iPhone.Build.0 = Release|x86
		{F9893BDC-1CCB-40FB-9B1D-25F22A5A1C63}.AppStore|iPhone.Deploy.0 = Release|x86
		{F9893BDC-1CCB-40FB-9B1D-25F22A5A1C63}.AppStore|iPhoneSimulator.ActiveCfg = Release|x86
		{F9893BDC-1CCB-40FB-9B1D-25F22A5A1C63}.AppStore|iPhoneSimulator.Build.0 = Release|x86
		{F9893BDC-1CCB-40FB-9B1D-25F22A5A1C63}.AppStore|iPhoneSimulator.Deploy.0 = Release|x86
		{F9893BDC-1CCB-40FB-9B1D-25F22A5A1C63}.AppStore|x64.ActiveCfg = Release|x64
		{F9893BDC-1CCB-40FB-9B1D-25F22A5A1C63}.AppStore|x64.Build.0 = Release|x64
		{F9893BDC-1CCB-40FB-9B1D-25F22A5A1C63}.AppStore|x64.Deploy.0 = Release|x64
		{F9893BDC-1CCB-40FB-9B1D-25F22A5A1C63}.AppStore|x86.ActiveCfg = Release|x86
		{F9893BDC-1CCB-40FB-9B1D-25F22A5A1C63}.AppStore|x86.Build.0 = Release|x86
		{F9893BDC-1CCB-40FB-9B1D-25F22A5A1C63}.AppStore|x86.Deploy.0 = Release|x86
		{F9893BDC-1CCB-40FB-9B1D-25F22A5A1C63}.Debug|Any CPU.ActiveCfg = Debug|x86
		{F9893BDC-1CCB-40FB-9B1D-25F22A5A1C63}.Debug|Any CPU.Build.0 = Debug|x86
		{F9893BDC-1CCB-40FB-9B1D-25F22A5A1C63}.Debug|Any CPU.Deploy.0 = Debug|x86
		{F9893BDC-1CCB-40FB-9B1D-25F22A5A1C63}.Debug|ARM.ActiveCfg = Debug|ARM
		{F9893BDC-1CCB-40FB-9B1D-25F22A5A1C63}.Debug|ARM.Build.0 = Debug|ARM
		{F9893BDC-1CCB-40FB-9B1D-25F22A5A1C63}.Debug|ARM.Deploy.0 = Debug|ARM
		{F9893BDC-1CCB-40FB-9B1D-25F22A5A1C63}.Debug|iPhone.ActiveCfg = Debug|x86
		{F9893BDC-1CCB-40FB-9B1D-25F22A5A1C63}.Debug|iPhone.Build.0 = Debug|x86
		{F9893BDC-1CCB-40FB-9B1D-25F22A5A1C63}.Debug|iPhone.Deploy.0 = Debug|x86
		{F9893BDC-1CCB-40FB-9B1D-25F22A5A1C63}.Debug|iPhoneSimulator.ActiveCfg = Debug|x86
		{F9893BDC-1CCB-40FB-9B1D-25F22A5A1C63}.Debug|iPhoneSimulator.Build.0 = Debug|x86
		{F9893BDC-1CCB-40FB-9B1D-25F22A5A1C63}.Debug|iPhoneSimulator.Deploy.0 = Debug|x86
		{F9893BDC-1CCB-40FB-9B1D-25F22A5A1C63}.Debug|x64.ActiveCfg = Debug|x64
		{F9893BDC-1CCB-40FB-9B1D-25F22A5A1C63}.Debug|x64.Build.0 = Debug|x64
		{F9893BDC-1CCB-40FB-9B1D-25F22A5A1C63}.Debug|x64.Deploy.0 = Debug|x64
		{F9893BDC-1CCB-40FB-9B1D-25F22A5A1C63}.Debug|x86.ActiveCfg = Debug|x86
		{F9893BDC-1CCB-40FB-9B1D-25F22A5A1C63}.Debug|x86.Build.0 = Debug|x86
		{F9893BDC-1CCB-40FB-9B1D-25F22A5A1C63}.Debug|x86.Deploy.0 = Debug|x86
		{F9893BDC-1CCB-40FB-9B1D-25F22A5A1C63}.Release|Any CPU.ActiveCfg = Release|x86
		{F9893BDC-1CCB-40FB-9B1D-25F22A5A1C63}.Release|Any CPU.Build.0 = Release|x86
		{F9893BDC-1CCB-40FB-9B1D-25F22A5A1C63}.Release|Any CPU.Deploy.0 = Release|x86
		{F9893BDC-1CCB-40FB-9B1D-25F22A5A1C63}.Release|ARM.ActiveCfg = Release|ARM
		{F9893BDC-1CCB-40FB-9B1D-25F22A5A1C63}.Release|ARM.Build.0 = Release|ARM
		{F9893BDC-1CCB-40FB-9B1D-25F22A5A1C63}.Release|ARM.Deploy.0 = Release|ARM
		{F9893BDC-1CCB-40FB-9B1D-25F22A5A1C63}.Release|iPhone.ActiveCfg = Release|x86
		{F9893BDC-1CCB-40FB-9B1D-25F22A5A1C63}.Release|iPhone.Build.0 = Release|x86
		{F9893BDC-1CCB-40FB-9B1D-25F22A5A1C63}.Release|iPhone.Deploy.0 = Release|x86
		{F9893BDC-1CCB-40FB-9B1D-25F22A5A1C63}.Release|iPhoneSimulator.ActiveCfg = Release|x86
		{F9893BDC-1CCB-40FB-9B1D-25F22A5A1C63}.Release|iPhoneSimulator.Build.0 = Release|x86
		{F9893BDC-1CCB-40FB-9B1D-25F22A5A1C63}.Release|iPhoneSimulator.Deploy.0 = Release|x86
		{F9893BDC-1CCB-40FB-9B1D-25F22A5A1C63}.Release|x64.ActiveCfg = Release|x64
		{F9893BDC-1CCB-40FB-9B1D-25F22A5A1C63}.Release|x64.Build.0 = Release|x64
		{F9893BDC-1CCB-40FB-9B1D-25F22A5A1C63}.Release|x64.Deploy.0 = Release|x64
		{F9893BDC-1CCB-40FB-9B1D-25F22A5A1C63}.Release|x86.ActiveCfg = Release|x86
		{F9893BDC-1CCB-40FB-9B1D-25F22A5A1C63}.Release|x86.Build.0 = Release|x86
		{F9893BDC-1CCB-40FB-9B1D-25F22A5A1C63}.Release|x86.Deploy.0 = Release|x86
	EndGlobalSection
	GlobalSection(SolutionProperties) = preSolution
		HideSolutionNode = FALSE
	EndGlobalSection
	GlobalSection(ExtensibilityGlobals) = postSolution
		SolutionGuid = {2F3A9A94-0422-4D20-BB84-58E54414551D}
	EndGlobalSection
EndGlobal
